
Microsoft Visual Studio Solution File, Format Version 12.00
# Visual Studio Version 17
VisualStudioVersion = 17.2.32616.157
MinimumVisualStudioVersion = 10.0.40219.1
Project("{8BC9CEB8-8B4A-11D0-8D11-00A0C91BC942}") = "dnn_module", "dnn_module\dnn_module.vcxproj", "{5C0985F5-5405-4995-978C-4EC4DB9C8EE5}"
EndProject
Global
	GlobalSection(SolutionConfigurationPlatforms) = preSolution
		Debug|x64 = Debug|x64
		Debug|x86 = Debug|x86
		Release|x64 = Release|x64
		Release|x86 = Release|x86
	EndGlobalSection
	GlobalSection(ProjectConfigurationPlatforms) = postSolution
		{5C0985F5-5405-4995-978C-4EC4DB9C8EE5}.Debug|x64.ActiveCfg = Debug|x64
		{5C0985F5-5405-4995-978C-4EC4DB9C8EE5}.Debug|x64.Build.0 = Debug|x64
		{5C0985F5-5405-4995-978C-4EC4DB9C8EE5}.Debug|x86.ActiveCfg = Debug|Win32
		{5C0985F5-5405-4995-978C-4EC4DB9C8EE5}.Debug|x86.Build.0 = Debug|Win32
		{5C0985F5-5405-4995-978C-4EC4DB9C8EE5}.Release|x64.ActiveCfg = Release|x64
		{5C0985F5-5405-4995-978C-4EC4DB9C8EE5}.Release|x64.Build.0 = Release|x64
		{5C0985F5-5405-4995-978C-4EC4DB9C8EE5}.Release|x86.ActiveCfg = Release|Win32
		{5C0985F5-5405-4995-978C-4EC4DB9C8EE5}.Release|x86.Build.0 = Release|Win32
	EndGlobalSection
	GlobalSection(SolutionProperties) = preSolution
		HideSolutionNode = FALSE
	EndGlobalSection
	GlobalSection(ExtensibilityGlobals) = postSolution
		SolutionGuid = {24008C92-E2A8-4CDC-B7CE-163C7138B83B}
	EndGlobalSection
EndGlobal
